github.com/google/go-cmp v0.6.0 h1:ofyhxvXcZhMsU5ulbFiLKl/XBFqE1GSq7atu8tAmTRI=
github.com/google/go-cmp v0.6.0/go.mod h1:17dUlkBOakJ0+DkrSSNjCkIjxS6bF9zb3elmeNGIjoY=
github.com/mus-format/common-go v0.0.0-20250307125743-867bbd6eb59c h1:axAH0WwqkZNIWZIyswO59y63JaymSi9kqy3yybhQTdI=
github.com/mus-format/common-go v0.0.0-20250307125743-867bbd6eb59c/go.mod h1:1hTb8w0YdSGIOU6wNY+e9uXnDZ9OQnUivNtd8cPSdoU=
github.com/mus-format/mus-dts-go v0.7.0 h1:qQJTEUeyFEVHYJhCfOBdqEQb7Gtg+LuELXvUlQlZid8=
github.com/mus-format/mus-dts-go v0.7.0/go.mod h1:b8fTC7ZrLo6Q5vERcgvM7BxXgvIMGj+j7/LjCBINE58=
github.com/mus-format/mus-go v0.6.0 h1:qZx+iBu6cS7AlxQH6Y/1W/bFJigEHMq6gzKJnTZfe4o=
github.com/mus-format/mus-go v0.6.0/go.mod h1:SY5kTmvykop/jax/VtGf6vyjaunHkg5cAeiFgC1XJmY=
github.com/mus-format/mus-stream-dts-go v0.7.0 h1:cUaBa6FtWg6Ez10ZNx4k63PORf1IIjODxmeURaHXlA8=
github.com/mus-format/mus-stream-dts-go v0.7.0/go.mod h1:lvS6RLHPqw5rp1/oHDUslh6+OlZzRvOxTuLFqSdZG8Y=
github.com/mus-format/mus-stream-go v0.6.0 h1:Z3RA8oQymBGUhzTddwPsm1egKRnBJ6cTOKsIHXJXxpA=
github.com/mus-format/mus-stream-go v0.6.0/go.mod h1:QKUch4gu6y8vsj4JyMykYqhlOMMLhP8mlL7VrYv1y7s=
github.com/ymz-ncnk/assert v0.0.0-20250123135256-e8b646342be2 h1:NLwsA4VKglgqVsCr837PvmD0DurLgyUdWSN1AsJEDG4=
github.com/ymz-ncnk/assert v0.0.0-20250123135256-e8b646342be2/go.mod h1:+lSOTrCyOPuvc0xuvK4uKhgQ0Ar3U/HJPpJZg73kvgE=
github.com/ymz-ncnk/fvar v0.0.0-20241027181210-3a6f93bc969e h1:q2is17SMV5sOEZluJa/Q0sTjZYmhXsPDjD6LPqYzE1Q=
github.com/ymz-ncnk/fvar v0.0.0-20241027181210-3a6f93bc969e/go.mod h1:epPjlvHUv5z0i742Y5RzB491yIHCrSq7ACd2EK3xJU8=
github.com/ymz-ncnk/mok v0.2.0 h1:4xOvkG0EXDlr05ZTSeRzM2q5mbyNbALRqRoI+cTwUyc=
github.com/ymz-ncnk/mok v0.2.0/go.mod h1:VDVVGULp0vdJeD27SgJghOFGyD7w3nX7SDh8TOlvIsY=
golang.org/x/exp v0.0.0-20230515195305-f3d0a9c9a5cc h1:mCRnTeVUjcrhlRmO0VK8a6k6Rrf6TF9htwo2pJVSjIU=
golang.org/x/exp v0.0.0-20230515195305-f3d0a9c9a5cc/go.mod h1:V1LtkGg67GoY2N1AnLN78QLrzxkLyJw7RJb1gzOOz9w=
golang.org/x/mod v0.23.0 h1:Zb7khfcRGKk+kqfxFaP5tZqCnDZMjC5VtUBs87Hr6QM=
golang.org/x/mod v0.23.0/go.mod h1:6SkKJ3Xj0I0BrPOZoBy3bdMptDDU9oJrpohJ3eWZ1fY=
golang.org/x/sync v0.11.0 h1:GGz8+XQP4FvTTrjZPzNKTMFtSXH80RAzG+5ghFPgK9w=
golang.org/x/sync v0.11.0/go.mod h1:Czt+wKu1gCyEFDUtn0jG5QVvpJ6rzVqr5aXyt9drQfk=
golang.org/x/tools v0.30.0 h1:BgcpHewrV5AUp2G9MebG4XPFI1E2W41zU1SaqVA9vJY=
golang.org/x/tools v0.30.0/go.mod h1:c347cR/OJfw5TI+GfX7RUPNMdDRRbjvYTS0jPyvsVtY=
