github.com/google/go-cmp v0.7.0 h1:wk8382ETsv4JYUZwIsn6YpYiWiBsYLSJiTsyBybVuN8=
github.com/google/go-cmp v0.7.0/go.mod h1:pXiqmnSA92OHEEa9HXL2W4E7lf9JzCmGVUdgjX3N/iU=
github.com/mus-format/common-go v0.0.0-20250307125743-867bbd6eb59c h1:axAH0WwqkZNIWZIyswO59y63JaymSi9kqy3yybhQTdI=
github.com/mus-format/common-go v0.0.0-20250307125743-867bbd6eb59c/go.mod h1:1hTb8w0YdSGIOU6wNY+e9uXnDZ9OQnUivNtd8cPSdoU=
github.com/mus-format/dts-go v0.9.0 h1:r+3OD8xMCVE42rtJxxPoPmhxDU4vAlQSp9In+7udt0U=
github.com/mus-format/dts-go v0.9.0/go.mod h1:tBV5wdWpi+WUHChtNp3y6nH/dyM/1P1l74hDx+llAoA=
github.com/mus-format/dts-stream-go v0.9.0 h1:kod0zEu5d7Q+DnGwAQ4zrLMC6Sa8KHEKG1sp6fTK0Ok=
github.com/mus-format/dts-stream-go v0.9.0/go.mod h1:W2K3Lhxic9K9AcKtsCheaA7LVZcKqJmAORyKA/zrtIY=
github.com/mus-format/ext-go v0.0.0-20251025161316-8a78145c9d59 h1:lN97Hxt6ZebXRpFvEQaRgW7uLcjxFTcfvxRUqLtXV6Q=
github.com/mus-format/ext-go v0.0.0-20251025161316-8a78145c9d59/go.mod h1:4ci49XDQoHVuyXynbYkm1/ze7dBwHhubG2cqRPtRBYI=
github.com/mus-format/ext-stream-go v0.0.0-20251025161610-4d7ad4358e52 h1:DDjhUMYhzvkgc3/u7uE3RaPtPQ1PMxH/iDpPLwDs0qk=
github.com/mus-format/ext-stream-go v0.0.0-20251025161610-4d7ad4358e52/go.mod h1:V97WpfLvo1VT+UNYflgXBCjp0KdpUfFk65aLfsbENFA=
github.com/mus-format/mus-go v0.7.0 h1:w2b9Awc4xVCQGhJFGCAb3UV75X+Byyfam9w8sAZirJM=
github.com/mus-format/mus-go v0.7.0/go.mod h1:SY5kTmvykop/jax/VtGf6vyjaunHkg5cAeiFgC1XJmY=
github.com/mus-format/mus-stream-go v0.7.0 h1:FejG1zOcm7N1kssC7aanlcviUM+S3W4M7enqPdmJlg0=
github.com/mus-format/mus-stream-go v0.7.0/go.mod h1:QKUch4gu6y8vsj4JyMykYqhlOMMLhP8mlL7VrYv1y7s=
github.com/ymz-ncnk/assert v0.0.0-20250419220605-29aaec96e9bd h1:ikKwi1OozeuGNFZ/D4cTiq6BM/5EHIs4+3II5vZO7UA=
github.com/ymz-ncnk/assert v0.0.0-20250419220605-29aaec96e9bd/go.mod h1:+lSOTrCyOPuvc0xuvK4uKhgQ0Ar3U/HJPpJZg73kvgE=
github.com/ymz-ncnk/fvar v0.0.0-20241027181210-3a6f93bc969e h1:q2is17SMV5sOEZluJa/Q0sTjZYmhXsPDjD6LPqYzE1Q=
github.com/ymz-ncnk/fvar v0.0.0-20241027181210-3a6f93bc969e/go.mod h1:epPjlvHUv5z0i742Y5RzB491yIHCrSq7ACd2EK3xJU8=
github.com/ymz-ncnk/mok v0.2.0 h1:4xOvkG0EXDlr05ZTSeRzM2q5mbyNbALRqRoI+cTwUyc=
github.com/ymz-ncnk/mok v0.2.0/go.mod h1:VDVVGULp0vdJeD27SgJghOFGyD7w3nX7SDh8TOlvIsY=
golang.org/x/exp v0.0.0-20230515195305-f3d0a9c9a5cc h1:mCRnTeVUjcrhlRmO0VK8a6k6Rrf6TF9htwo2pJVSjIU=
golang.org/x/exp v0.0.0-20230515195305-f3d0a9c9a5cc/go.mod h1:V1LtkGg67GoY2N1AnLN78QLrzxkLyJw7RJb1gzOOz9w=
golang.org/x/mod v0.24.0 h1:ZfthKaKaT4NrhGVZHO1/WDTwGES4De8KtWO0SIbNJMU=
golang.org/x/mod v0.24.0/go.mod h1:IXM97Txy2VM4PJ3gI61r1YEk/gAj6zAHN3AdZt6S9Ww=
golang.org/x/sync v0.13.0 h1:AauUjRAJ9OSnvULf/ARrrVywoJDy0YS2AwQ98I37610=
golang.org/x/sync v0.13.0/go.mod h1:1dzgHSNfp02xaA81J2MS99Qcpr2w7fw1gpm99rleRqA=
golang.org/x/tools v0.32.0 h1:Q7N1vhpkQv7ybVzLFtTjvQya2ewbwNDZzUgfXGqtMWU=
golang.org/x/tools v0.32.0/go.mod h1:ZxrU41P/wAbZD8EDa6dDCa6XfpkhJ7HFMjHJXfBDu8s=
