github.com/google/go-cmp v0.6.0 h1:ofyhxvXcZhMsU5ulbFiLKl/XBFqE1GSq7atu8tAmTRI=
github.com/google/go-cmp v0.6.0/go.mod h1:17dUlkBOakJ0+DkrSSNjCkIjxS6bF9zb3elmeNGIjoY=
github.com/mus-format/common-go v0.0.0-20240704141923-ea7d12c7eed3 h1:lq6NjZLxX27LghMjyTAZvt3c7Hi82VbhSuyTw3iYIDU=
github.com/mus-format/common-go v0.0.0-20240704141923-ea7d12c7eed3/go.mod h1:1hTb8w0YdSGIOU6wNY+e9uXnDZ9OQnUivNtd8cPSdoU=
github.com/mus-format/mus-dts-go v0.5.1 h1:Ndbl6ZG0B/xxc0/ImxS42usBXzkPaTlD7UiOFTlJJZc=
github.com/mus-format/mus-dts-go v0.5.1/go.mod h1:cD0kM0m2F1SpRN36gP4Nk74Ox3X0oebLYCFpzLnary8=
github.com/mus-format/mus-go v0.4.2 h1:qdt63B1h8oMnDv9c+CMAmRMfcVlzvCpXt9G8fxTUvqo=
github.com/mus-format/mus-go v0.4.2/go.mod h1:hs04lVPvkj2d0RC1k75yARNd3ZlVPpljAW64LwkgMJk=
github.com/mus-format/mus-stream-dts-go v0.5.1 h1:2nk1nN1hq+ScDVzOVvMH0Puf8q8sNQQOQKEfa3GkCj8=
github.com/mus-format/mus-stream-dts-go v0.5.1/go.mod h1:xFYL56HhkL2yptnCwruu94iSn7vK+bfiKY3oQ0Syuz0=
github.com/mus-format/mus-stream-go v0.4.2 h1:xHd79uzii2NdaBCoZmRD/ySFYpnV1QvrNXePPveRGOU=
github.com/mus-format/mus-stream-go v0.4.2/go.mod h1:PioCqrxiUifQEKHvL2MJzLPkYs5LMITIMrCbL1COMdw=
github.com/ymz-ncnk/fvar v0.0.0-20241027181210-3a6f93bc969e h1:q2is17SMV5sOEZluJa/Q0sTjZYmhXsPDjD6LPqYzE1Q=
github.com/ymz-ncnk/fvar v0.0.0-20241027181210-3a6f93bc969e/go.mod h1:epPjlvHUv5z0i742Y5RzB491yIHCrSq7ACd2EK3xJU8=
github.com/ymz-ncnk/mok v0.2.0 h1:4xOvkG0EXDlr05ZTSeRzM2q5mbyNbALRqRoI+cTwUyc=
github.com/ymz-ncnk/mok v0.2.0/go.mod h1:VDVVGULp0vdJeD27SgJghOFGyD7w3nX7SDh8TOlvIsY=
golang.org/x/exp v0.0.0-20230515195305-f3d0a9c9a5cc h1:mCRnTeVUjcrhlRmO0VK8a6k6Rrf6TF9htwo2pJVSjIU=
golang.org/x/exp v0.0.0-20230515195305-f3d0a9c9a5cc/go.mod h1:V1LtkGg67GoY2N1AnLN78QLrzxkLyJw7RJb1gzOOz9w=
golang.org/x/mod v0.21.0 h1:vvrHzRwRfVKSiLrG+d4FMl/Qi4ukBCE6kZlTUkDYRT0=
golang.org/x/mod v0.21.0/go.mod h1:6SkKJ3Xj0I0BrPOZoBy3bdMptDDU9oJrpohJ3eWZ1fY=
golang.org/x/sync v0.8.0 h1:3NFvSEYkUoMifnESzZl15y791HH1qU2xm6eCJU5ZPXQ=
golang.org/x/sync v0.8.0/go.mod h1:Czt+wKu1gCyEFDUtn0jG5QVvpJ6rzVqr5aXyt9drQfk=
golang.org/x/tools v0.25.0 h1:oFU9pkj/iJgs+0DT+VMHrx+oBKs/LJMV+Uvg78sl+fE=
golang.org/x/tools v0.25.0/go.mod h1:/vtpO8WL1N9cQC3FN5zPqb//fRXskFHbLKk4OW1Q7rg=
